
Microsoft Visual Studio Solution File, Format Version 12.00
# Visual Studio Version 16
VisualStudioVersion = 16.0.30011.22
MinimumVisualStudioVersion = 10.0.40219.1
Project("{FAE04EC0-301F-11D3-BF4B-00C04F79EFBC}") = "Graph_Laba2", "Graph_Laba2\Graph_Laba2.csproj", "{8BCD5168-A008-4658-99BB-BCECDCE6AB76}"
EndProject
Global
	GlobalSection(SolutionConfigurationPlatforms) = preSolution
		Debug|Any CPU = Debug|Any CPU
		Release|Any CPU = Release|Any CPU
	EndGlobalSection
	GlobalSection(ProjectConfigurationPlatforms) = postSolution
		{8BCD5168-A008-4658-99BB-BCECDCE6AB76}.Debug|Any CPU.ActiveCfg = Debug|Any CPU
		{8BCD5168-A008-4658-99BB-BCECDCE6AB76}.Debug|Any CPU.Build.0 = Debug|Any CPU
		{8BCD5168-A008-4658-99BB-BCECDCE6AB76}.Release|Any CPU.ActiveCfg = Release|Any CPU
		{8BCD5168-A008-4658-99BB-BCECDCE6AB76}.Release|Any CPU.Build.0 = Release|Any CPU
	EndGlobalSection
	GlobalSection(SolutionProperties) = preSolution
		HideSolutionNode = FALSE
	EndGlobalSection
	GlobalSection(ExtensibilityGlobals) = postSolution
		SolutionGuid = {0D8741EF-F42A-4705-9A0E-55E2DC1CC96D}
	EndGlobalSection
EndGlobal
